Microsoft Visual Studio Solution File, Format Version 12.00
# Visual Studio Express 15 for Windows Desktop
VisualStudioVersion = 15.0.27703.2047
MinimumVisualStudioVersion = 10.0.40219.1
Project("{FAE04EC0-301F-11D3-BF4B-00C04F79EFBC}") = "PropertyGrid", "PropertyGrid.csproj", "{E75A2C62-1AC1-4146-8484-01FE53911F4A}"
EndProject
Global
	GlobalSection(SolutionConfigurationPlatforms) = preSolution
		Debug|Any CPU = Debug|Any CPU
		Release|Any CPU = Release|Any CPU
	EndGlobalSection
	GlobalSection(ProjectConfigurationPlatforms) = postSolution
		{E75A2C62-1AC1-4146-8484-01FE53911F4A}.Debug|Any CPU.ActiveCfg = Debug|Any CPU
		{E75A2C62-1AC1-4146-8484-01FE53911F4A}.Debug|Any CPU.Build.0 = Debug|Any CPU
		{E75A2C62-1AC1-4146-8484-01FE53911F4A}.Release|Any CPU.ActiveCfg = Release|Any CPU
		{E75A2C62-1AC1-4146-8484-01FE53911F4A}.Release|Any CPU.Build.0 = Release|Any CPU
	EndGlobalSection
	GlobalSection(SolutionProperties) = preSolution
		HideSolutionNode = FALSE
	EndGlobalSection
	GlobalSection(ExtensibilityGlobals) = postSolution
		SolutionGuid = {EBD28408-6420-41BE-9902-53BA1978B0B8}
	EndGlobalSection
EndGlobal
